
Microsoft Visual Studio Solution File, Format Version 12.00
# Visual Studio Version 17
VisualStudioVersion = 17.11.35312.102
MinimumVisualStudioVersion = 10.0.40219.1
Project("{9A19103F-16F7-4668-BE54-9A1E7A4F7556}") = "WebShop", "WebShop.csproj", "{E2DF7ED9-F4D0-46C0-86A0-4DC29D072216}"
EndProject
Global
	GlobalSection(SolutionConfigurationPlatforms) = preSolution
		Debug|Any CPU = Debug|Any CPU
		Release|Any CPU = Release|Any CPU
	EndGlobalSection
	GlobalSection(ProjectConfigurationPlatforms) = postSolution
		{E2DF7ED9-F4D0-46C0-86A0-4DC29D072216}.Debug|Any CPU.ActiveCfg = Debug|Any CPU
		{E2DF7ED9-F4D0-46C0-86A0-4DC29D072216}.Debug|Any CPU.Build.0 = Debug|Any CPU
		{E2DF7ED9-F4D0-46C0-86A0-4DC29D072216}.Release|Any CPU.ActiveCfg = Release|Any CPU
		{E2DF7ED9-F4D0-46C0-86A0-4DC29D072216}.Release|Any CPU.Build.0 = Release|Any CPU
	EndGlobalSection
	GlobalSection(SolutionProperties) = preSolution
		HideSolutionNode = FALSE
	EndGlobalSection
	GlobalSection(ExtensibilityGlobals) = postSolution
		SolutionGuid = {D7D7E59F-C796-401A-B309-C4147863D3D5}
	EndGlobalSection
EndGlobal
