
Microsoft Visual Studio Solution File, Format Version 12.00
# Visual Studio Version 17
VisualStudioVersion = 17.11.35312.102
MinimumVisualStudioVersion = 10.0.40219.1
Project("{9A19103F-16F7-4668-BE54-9A1E7A4F7556}") = "WebApi", "WebApi.csproj", "{BE5C22EF-09EA-4987-AD40-9D335E6E9967}"
EndProject
Project("{9A19103F-16F7-4668-BE54-9A1E7A4F7556}") = "WebClasses", "..\WebClasses\WebClasses.csproj", "{5D546FAD-5F57-4C89-B640-E9C042405DE0}"
EndProject
Global
	GlobalSection(SolutionConfigurationPlatforms) = preSolution
		Debug|Any CPU = Debug|Any CPU
		Release|Any CPU = Release|Any CPU
	EndGlobalSection
	GlobalSection(ProjectConfigurationPlatforms) = postSolution
		{BE5C22EF-09EA-4987-AD40-9D335E6E9967}.Debug|Any CPU.ActiveCfg = Debug|Any CPU
		{BE5C22EF-09EA-4987-AD40-9D335E6E9967}.Debug|Any CPU.Build.0 = Debug|Any CPU
		{BE5C22EF-09EA-4987-AD40-9D335E6E9967}.Release|Any CPU.ActiveCfg = Release|Any CPU
		{BE5C22EF-09EA-4987-AD40-9D335E6E9967}.Release|Any CPU.Build.0 = Release|Any CPU
		{5D546FAD-5F57-4C89-B640-E9C042405DE0}.Debug|Any CPU.ActiveCfg = Debug|Any CPU
		{5D546FAD-5F57-4C89-B640-E9C042405DE0}.Debug|Any CPU.Build.0 = Debug|Any CPU
		{5D546FAD-5F57-4C89-B640-E9C042405DE0}.Release|Any CPU.ActiveCfg = Release|Any CPU
		{5D546FAD-5F57-4C89-B640-E9C042405DE0}.Release|Any CPU.Build.0 = Release|Any CPU
	EndGlobalSection
	GlobalSection(SolutionProperties) = preSolution
		HideSolutionNode = FALSE
	EndGlobalSection
	GlobalSection(ExtensibilityGlobals) = postSolution
		SolutionGuid = {325025BE-6837-4F2A-BB03-5D4B91855D07}
	EndGlobalSection
EndGlobal
